
Microsoft Visual Studio Solution File, Format Version 12.00
# Visual Studio 15
VisualStudioVersion = 15.0.27130.2010
MinimumVisualStudioVersion = 10.0.40219.1
Project("{8BC9CEB8-8B4A-11D0-8D11-00A0C91BC942}") = "Shibari.Native.Sink.ZeroMQ", "Shibari.Native.Sink.ZeroMQ\Shibari.Native.Sink.ZeroMQ.vcxproj", "{E1655D12-0077-439C-BBE5-B11D0D961940}"
EndProject
Global
	GlobalSection(SolutionConfigurationPlatforms) = preSolution
		Debug|x64 = Debug|x64
		Debug|x86 = Debug|x86
		Release|x64 = Release|x64
		Release|x86 = Release|x86
	EndGlobalSection
	GlobalSection(ProjectConfigurationPlatforms) = postSolution
		{E1655D12-0077-439C-BBE5-B11D0D961940}.Debug|x64.ActiveCfg = Debug|x64
		{E1655D12-0077-439C-BBE5-B11D0D961940}.Debug|x64.Build.0 = Debug|x64
		{E1655D12-0077-439C-BBE5-B11D0D961940}.Debug|x86.ActiveCfg = Debug|Win32
		{E1655D12-0077-439C-BBE5-B11D0D961940}.Debug|x86.Build.0 = Debug|Win32
		{E1655D12-0077-439C-BBE5-B11D0D961940}.Release|x64.ActiveCfg = Release|x64
		{E1655D12-0077-439C-BBE5-B11D0D961940}.Release|x64.Build.0 = Release|x64
		{E1655D12-0077-439C-BBE5-B11D0D961940}.Release|x86.ActiveCfg = Release|Win32
		{E1655D12-0077-439C-BBE5-B11D0D961940}.Release|x86.Build.0 = Release|Win32
	EndGlobalSection
	GlobalSection(SolutionProperties) = preSolution
		HideSolutionNode = FALSE
	EndGlobalSection
	GlobalSection(ExtensibilityGlobals) = postSolution
		SolutionGuid = {CF231C2C-9651-49E4-8FC3-C1339101971C}
	EndGlobalSection
EndGlobal
